Microsoft Visual Studio Solution File, Format Version 8.00
Project("{FAE04EC0-301F-11D3-BF4B-00C04F79EFBC}") = "dll_tool2", "dll_tool2.csproj", "{83D492FD-F4B1-43A4-9E63-B0FAB357381C}"
	ProjectSection(ProjectDependencies) = postProject
	EndProjectSection
EndProject
Global
	GlobalSection(SolutionConfiguration) = preSolution
		Debug = Debug
		Release = Release
	EndGlobalSection
	GlobalSection(ProjectConfiguration) = postSolution
		{83D492FD-F4B1-43A4-9E63-B0FAB357381C}.Debug.ActiveCfg = Debug|.NET
		{83D492FD-F4B1-43A4-9E63-B0FAB357381C}.Debug.Build.0 = Debug|.NET
		{83D492FD-F4B1-43A4-9E63-B0FAB357381C}.Release.ActiveCfg = Release|.NET
		{83D492FD-F4B1-43A4-9E63-B0FAB357381C}.Release.Build.0 = Release|.NET
	EndGlobalSection
	GlobalSection(ExtensibilityGlobals) = postSolution
	EndGlobalSection
	GlobalSection(ExtensibilityAddIns) = postSolution
	EndGlobalSection
EndGlobal
